Microsoft Visual Studio Solution File, Format Version 12.00
# Visual Studio Version 17
VisualStudioVersion = 17.5.2.0
MinimumVisualStudioVersion = 10.0.40219.1
Project("{FAE04EC0-301F-11D3-BF4B-00C04F79EFBC}") = "RecipeBackend", "RecipeBackend\RecipeBackend.csproj", "{8FA414E9-9E9D-6D20-33BE-85E20AEC5D10}"
EndProject
Global
	GlobalSection(SolutionConfigurationPlatforms) = preSolution
		Debug|Any CPU = Debug|Any CPU
		Release|Any CPU = Release|Any CPU
	EndGlobalSection
	GlobalSection(ProjectConfigurationPlatforms) = postSolution
		{3B522566-8745-DB12-ADDB-B941877701BE}.Debug|Any CPU.ActiveCfg = Debug|Any CPU
		{3B522566-8745-DB12-ADDB-B941877701BE}.Debug|Any CPU.Build.0 = Debug|Any CPU
		{3B522566-8745-DB12-ADDB-B941877701BE}.Release|Any CPU.ActiveCfg = Release|Any CPU
		{3B522566-8745-DB12-ADDB-B941877701BE}.Release|Any CPU.Build.0 = Release|Any CPU
		{8FA414E9-9E9D-6D20-33BE-85E20AEC5D10}.Debug|Any CPU.ActiveCfg = Debug|Any CPU
		{8FA414E9-9E9D-6D20-33BE-85E20AEC5D10}.Debug|Any CPU.Build.0 = Debug|Any CPU
		{8FA414E9-9E9D-6D20-33BE-85E20AEC5D10}.Release|Any CPU.ActiveCfg = Release|Any CPU
		{8FA414E9-9E9D-6D20-33BE-85E20AEC5D10}.Release|Any CPU.Build.0 = Release|Any CPU
	EndGlobalSection
	GlobalSection(SolutionProperties) = preSolution
		HideSolutionNode = FALSE
	EndGlobalSection
	GlobalSection(ExtensibilityGlobals) = postSolution
		SolutionGuid = {0E0E4756-0A53-4C63-BF5D-7EB4D5C84BCA}
	EndGlobalSection
EndGlobal
